
Microsoft Visual Studio Solution File, Format Version 12.00
# Visual Studio Version 17
VisualStudioVersion = 17.11.35327.3
MinimumVisualStudioVersion = 10.0.40219.1
Project("{FAE04EC0-301F-11D3-BF4B-00C04F79EFBC}") = "Assignments 5.3.2", "Assignments 5.3.2.csproj", "{945FD58D-64FF-4B6B-8F9C-F953B8EF3E53}"
EndProject
Global
	GlobalSection(SolutionConfigurationPlatforms) = preSolution
		Debug|Any CPU = Debug|Any CPU
		Release|Any CPU = Release|Any CPU
	EndGlobalSection
	GlobalSection(ProjectConfigurationPlatforms) = postSolution
		{945FD58D-64FF-4B6B-8F9C-F953B8EF3E53}.Debug|Any CPU.ActiveCfg = Debug|Any CPU
		{945FD58D-64FF-4B6B-8F9C-F953B8EF3E53}.Debug|Any CPU.Build.0 = Debug|Any CPU
		{945FD58D-64FF-4B6B-8F9C-F953B8EF3E53}.Release|Any CPU.ActiveCfg = Release|Any CPU
		{945FD58D-64FF-4B6B-8F9C-F953B8EF3E53}.Release|Any CPU.Build.0 = Release|Any CPU
	EndGlobalSection
	GlobalSection(SolutionProperties) = preSolution
		HideSolutionNode = FALSE
	EndGlobalSection
	GlobalSection(ExtensibilityGlobals) = postSolution
		SolutionGuid = {16C8ED0A-30AF-4973-81B1-62BB4DB84309}
	EndGlobalSection
EndGlobal
